# This file is autogenerated, do not edit; changes may be undone by the next 'dep ensure'.


[[projects]]
  branch = "master"
  name = "github.com/gin-contrib/sse"
  packages = ["."]
  revision = "22d885f9ecc78bf4ee5d72b937e4bbcdc58e8cae"

[[projects]]
  branch = "master"
  name = "github.com/gin-gonic/gin"
  packages = [".","binding","json","render"]
  revision = "b8b68314faa067acae5b17c828127b04af51ebe2"

[[projects]]
  name = "github.com/go-pg/pg"
  packages = [".","internal","internal/parser","internal/pool","orm","types"]
  revision = "91966ca9a74c1dc62ec494975fd594889907cd33"
  version = "v6.6.1"

[[projects]]
  branch = "master"
  name = "github.com/golang/protobuf"
  packages = ["proto"]
  revision = "130e6b02ab059e7b717a096f397c5b60111cae74"

[[projects]]
  branch = "master"
  name = "github.com/jinzhu/inflection"
  packages = ["."]
  revision = "1c35d901db3da928c72a72d8458480cc9ade058f"

[[projects]]
  name = "github.com/json-iterator/go"
  packages = ["."]
  revision = "6ed27152e0428abfde127acb33b08b03a1e67cac"
  version = "1.0.2"

[[projects]]
  name = "github.com/mattn/go-isatty"
  packages = ["."]
  revision = "0360b2af4f38e8d38c7fce2a9f4e702702d73a39"
  version = "v0.0.3"

[[projects]]
  branch = "master"
  name = "github.com/ugorji/go"
  packages = ["codec"]
  revision = "54210f4e076c57f351166f0ed60e67d3fca57a36"

[[projects]]
  branch = "master"
  name = "golang.org/x/sys"
  packages = ["unix"]
  revision = "314a259e304ff91bd6985da2a7149bbf91237993"

[[projects]]
  name = "gopkg.in/go-playground/validator.v8"
  packages = ["."]
  revision = "5f1438d3fca68893a817e4a66806cea46a9e4ebf"
  version = "v8.18.2"

[[projects]]
  branch = "v2"
  name = "gopkg.in/yaml.v2"
  packages = ["."]
  revision = "eb3733d160e74a9c7e442f435eb3bea458e1d19f"

[solve-meta]
  analyzer-name = "dep"
  analyzer-version = 1
  inputs-digest = "4544073386bd8b7f1b7dac2351ee8b7e0aae1d8e408659078e4361597e6bd84e"
  solver-name = "gps-cdcl"
  solver-version = 1
